
Microsoft Visual Studio Solution File, Format Version 12.00
# Visual Studio Version 17
VisualStudioVersion = 17.0.31903.59
MinimumVisualStudioVersion = 10.0.40219.1
Project("{FAE04EC0-301F-11D3-BF4B-00C04F79EFBC}") = "Application", "Application\Application.csproj", "{A530DD25-AC4E-4EA0-80F4-12B334A76BA7}"
EndProject
Project("{FAE04EC0-301F-11D3-BF4B-00C04F79EFBC}") = "Domain", "Domain\Domain.csproj", "{A2CC3FD9-E536-413C-8735-5A3C1D69B0D8}"
EndProject
Project("{FAE04EC0-301F-11D3-BF4B-00C04F79EFBC}") = "Infrastructure", "Infrastructure\Infrastructure.csproj", "{B47A3CA7-7A48-4996-AC85-00CC5DE9FFB5}"
EndProject
Project("{FAE04EC0-301F-11D3-BF4B-00C04F79EFBC}") = "Presentation", "Presentation\Presentation.csproj", "{C44B0117-8939-4B00-92B9-FD7755D8E594}"
EndProject
Project("{FAE04EC0-301F-11D3-BF4B-00C04F79EFBC}") = "Web", "Web\Web.csproj", "{3E754564-F6FD-4074-82B4-5604B22F6135}"
EndProject
Project("{FAE04EC0-301F-11D3-BF4B-00C04F79EFBC}") = "Common", "Common\Common.csproj", "{06113247-E5E9-4211-80A0-C34817C7A215}"
EndProject
Global
	GlobalSection(SolutionConfigurationPlatforms) = preSolution
		Debug|Any CPU = Debug|Any CPU
		Debug|x64 = Debug|x64
		Debug|x86 = Debug|x86
		Release|Any CPU = Release|Any CPU
		Release|x64 = Release|x64
		Release|x86 = Release|x86
	EndGlobalSection
	GlobalSection(ProjectConfigurationPlatforms) = postSolution
		{A530DD25-AC4E-4EA0-80F4-12B334A76BA7}.Debug|Any CPU.ActiveCfg = Debug|Any CPU
		{A530DD25-AC4E-4EA0-80F4-12B334A76BA7}.Debug|Any CPU.Build.0 = Debug|Any CPU
		{A530DD25-AC4E-4EA0-80F4-12B334A76BA7}.Debug|x64.ActiveCfg = Debug|Any CPU
		{A530DD25-AC4E-4EA0-80F4-12B334A76BA7}.Debug|x64.Build.0 = Debug|Any CPU
		{A530DD25-AC4E-4EA0-80F4-12B334A76BA7}.Debug|x86.ActiveCfg = Debug|Any CPU
		{A530DD25-AC4E-4EA0-80F4-12B334A76BA7}.Debug|x86.Build.0 = Debug|Any CPU
		{A530DD25-AC4E-4EA0-80F4-12B334A76BA7}.Release|Any CPU.ActiveCfg = Release|Any CPU
		{A530DD25-AC4E-4EA0-80F4-12B334A76BA7}.Release|Any CPU.Build.0 = Release|Any CPU
		{A530DD25-AC4E-4EA0-80F4-12B334A76BA7}.Release|x64.ActiveCfg = Release|Any CPU
		{A530DD25-AC4E-4EA0-80F4-12B334A76BA7}.Release|x64.Build.0 = Release|Any CPU
		{A530DD25-AC4E-4EA0-80F4-12B334A76BA7}.Release|x86.ActiveCfg = Release|Any CPU
		{A530DD25-AC4E-4EA0-80F4-12B334A76BA7}.Release|x86.Build.0 = Release|Any CPU
		{A2CC3FD9-E536-413C-8735-5A3C1D69B0D8}.Debug|Any CPU.ActiveCfg = Debug|Any CPU
		{A2CC3FD9-E536-413C-8735-5A3C1D69B0D8}.Debug|Any CPU.Build.0 = Debug|Any CPU
		{A2CC3FD9-E536-413C-8735-5A3C1D69B0D8}.Debug|x64.ActiveCfg = Debug|Any CPU
		{A2CC3FD9-E536-413C-8735-5A3C1D69B0D8}.Debug|x64.Build.0 = Debug|Any CPU
		{A2CC3FD9-E536-413C-8735-5A3C1D69B0D8}.Debug|x86.ActiveCfg = Debug|Any CPU
		{A2CC3FD9-E536-413C-8735-5A3C1D69B0D8}.Debug|x86.Build.0 = Debug|Any CPU
		{A2CC3FD9-E536-413C-8735-5A3C1D69B0D8}.Release|Any CPU.ActiveCfg = Release|Any CPU
		{A2CC3FD9-E536-413C-8735-5A3C1D69B0D8}.Release|Any CPU.Build.0 = Release|Any CPU
		{A2CC3FD9-E536-413C-8735-5A3C1D69B0D8}.Release|x64.ActiveCfg = Release|Any CPU
		{A2CC3FD9-E536-413C-8735-5A3C1D69B0D8}.Release|x64.Build.0 = Release|Any CPU
		{A2CC3FD9-E536-413C-8735-5A3C1D69B0D8}.Release|x86.ActiveCfg = Release|Any CPU
		{A2CC3FD9-E536-413C-8735-5A3C1D69B0D8}.Release|x86.Build.0 = Release|Any CPU
		{B47A3CA7-7A48-4996-AC85-00CC5DE9FFB5}.Debug|Any CPU.ActiveCfg = Debug|Any CPU
		{B47A3CA7-7A48-4996-AC85-00CC5DE9FFB5}.Debug|Any CPU.Build.0 = Debug|Any CPU
		{B47A3CA7-7A48-4996-AC85-00CC5DE9FFB5}.Debug|x64.ActiveCfg = Debug|Any CPU
		{B47A3CA7-7A48-4996-AC85-00CC5DE9FFB5}.Debug|x64.Build.0 = Debug|Any CPU
		{B47A3CA7-7A48-4996-AC85-00CC5DE9FFB5}.Debug|x86.ActiveCfg = Debug|Any CPU
		{B47A3CA7-7A48-4996-AC85-00CC5DE9FFB5}.Debug|x86.Build.0 = Debug|Any CPU
		{B47A3CA7-7A48-4996-AC85-00CC5DE9FFB5}.Release|Any CPU.ActiveCfg = Release|Any CPU
		{B47A3CA7-7A48-4996-AC85-00CC5DE9FFB5}.Release|Any CPU.Build.0 = Release|Any CPU
		{B47A3CA7-7A48-4996-AC85-00CC5DE9FFB5}.Release|x64.ActiveCfg = Release|Any CPU
		{B47A3CA7-7A48-4996-AC85-00CC5DE9FFB5}.Release|x64.Build.0 = Release|Any CPU
		{B47A3CA7-7A48-4996-AC85-00CC5DE9FFB5}.Release|x86.ActiveCfg = Release|Any CPU
		{B47A3CA7-7A48-4996-AC85-00CC5DE9FFB5}.Release|x86.Build.0 = Release|Any CPU
		{C44B0117-8939-4B00-92B9-FD7755D8E594}.Debug|Any CPU.ActiveCfg = Debug|Any CPU
		{C44B0117-8939-4B00-92B9-FD7755D8E594}.Debug|Any CPU.Build.0 = Debug|Any CPU
		{C44B0117-8939-4B00-92B9-FD7755D8E594}.Debug|x64.ActiveCfg = Debug|Any CPU
		{C44B0117-8939-4B00-92B9-FD7755D8E594}.Debug|x64.Build.0 = Debug|Any CPU
		{C44B0117-8939-4B00-92B9-FD7755D8E594}.Debug|x86.ActiveCfg = Debug|Any CPU
		{C44B0117-8939-4B00-92B9-FD7755D8E594}.Debug|x86.Build.0 = Debug|Any CPU
		{C44B0117-8939-4B00-92B9-FD7755D8E594}.Release|Any CPU.ActiveCfg = Release|Any CPU
		{C44B0117-8939-4B00-92B9-FD7755D8E594}.Release|Any CPU.Build.0 = Release|Any CPU
		{C44B0117-8939-4B00-92B9-FD7755D8E594}.Release|x64.ActiveCfg = Release|Any CPU
		{C44B0117-8939-4B00-92B9-FD7755D8E594}.Release|x64.Build.0 = Release|Any CPU
		{C44B0117-8939-4B00-92B9-FD7755D8E594}.Release|x86.ActiveCfg = Release|Any CPU
		{C44B0117-8939-4B00-92B9-FD7755D8E594}.Release|x86.Build.0 = Release|Any CPU
		{3E754564-F6FD-4074-82B4-5604B22F6135}.Debug|Any CPU.ActiveCfg = Debug|Any CPU
		{3E754564-F6FD-4074-82B4-5604B22F6135}.Debug|Any CPU.Build.0 = Debug|Any CPU
		{3E754564-F6FD-4074-82B4-5604B22F6135}.Debug|x64.ActiveCfg = Debug|Any CPU
		{3E754564-F6FD-4074-82B4-5604B22F6135}.Debug|x64.Build.0 = Debug|Any CPU
		{3E754564-F6FD-4074-82B4-5604B22F6135}.Debug|x86.ActiveCfg = Debug|Any CPU
		{3E754564-F6FD-4074-82B4-5604B22F6135}.Debug|x86.Build.0 = Debug|Any CPU
		{3E754564-F6FD-4074-82B4-5604B22F6135}.Release|Any CPU.ActiveCfg = Release|Any CPU
		{3E754564-F6FD-4074-82B4-5604B22F6135}.Release|Any CPU.Build.0 = Release|Any CPU
		{3E754564-F6FD-4074-82B4-5604B22F6135}.Release|x64.ActiveCfg = Release|Any CPU
		{3E754564-F6FD-4074-82B4-5604B22F6135}.Release|x64.Build.0 = Release|Any CPU
		{3E754564-F6FD-4074-82B4-5604B22F6135}.Release|x86.ActiveCfg = Release|Any CPU
		{3E754564-F6FD-4074-82B4-5604B22F6135}.Release|x86.Build.0 = Release|Any CPU
		{06113247-E5E9-4211-80A0-C34817C7A215}.Debug|Any CPU.ActiveCfg = Debug|Any CPU
		{06113247-E5E9-4211-80A0-C34817C7A215}.Debug|Any CPU.Build.0 = Debug|Any CPU
		{06113247-E5E9-4211-80A0-C34817C7A215}.Debug|x64.ActiveCfg = Debug|Any CPU
		{06113247-E5E9-4211-80A0-C34817C7A215}.Debug|x64.Build.0 = Debug|Any CPU
		{06113247-E5E9-4211-80A0-C34817C7A215}.Debug|x86.ActiveCfg = Debug|Any CPU
		{06113247-E5E9-4211-80A0-C34817C7A215}.Debug|x86.Build.0 = Debug|Any CPU
		{06113247-E5E9-4211-80A0-C34817C7A215}.Release|Any CPU.ActiveCfg = Release|Any CPU
		{06113247-E5E9-4211-80A0-C34817C7A215}.Release|Any CPU.Build.0 = Release|Any CPU
		{06113247-E5E9-4211-80A0-C34817C7A215}.Release|x64.ActiveCfg = Release|Any CPU
		{06113247-E5E9-4211-80A0-C34817C7A215}.Release|x64.Build.0 = Release|Any CPU
		{06113247-E5E9-4211-80A0-C34817C7A215}.Release|x86.ActiveCfg = Release|Any CPU
		{06113247-E5E9-4211-80A0-C34817C7A215}.Release|x86.Build.0 = Release|Any CPU
	EndGlobalSection
	GlobalSection(SolutionProperties) = preSolution
		HideSolutionNode = FALSE
	EndGlobalSection
EndGlobal
